
Microsoft Visual Studio Solution File, Format Version 12.00
# Visual Studio Version 17
VisualStudioVersion = 17.7.34003.232
MinimumVisualStudioVersion = 10.0.40219.1
Project("{9A19103F-16F7-4668-BE54-9A1E7A4F7556}") = "StaffScreening", "StaffScreening.csproj", "{D2558050-8B95-447F-94A4-8C51758C1B53}"
EndProject
Project("{FAE04EC0-301F-11D3-BF4B-00C04F79EFBC}") = "staffscreening.tests", "..\staffscreening.tests\staffscreening.tests.csproj", "{DC40C884-8C80-4810-B897-1AEB73C2307B}"
EndProject
Global
	GlobalSection(SolutionConfigurationPlatforms) = preSolution
		Debug|Any CPU = Debug|Any CPU
		Release|Any CPU = Release|Any CPU
	EndGlobalSection
	GlobalSection(ProjectConfigurationPlatforms) = postSolution
		{D2558050-8B95-447F-94A4-8C51758C1B53}.Debug|Any CPU.ActiveCfg = Debug|Any CPU
		{D2558050-8B95-447F-94A4-8C51758C1B53}.Debug|Any CPU.Build.0 = Debug|Any CPU
		{D2558050-8B95-447F-94A4-8C51758C1B53}.Release|Any CPU.ActiveCfg = Release|Any CPU
		{D2558050-8B95-447F-94A4-8C51758C1B53}.Release|Any CPU.Build.0 = Release|Any CPU
		{DC40C884-8C80-4810-B897-1AEB73C2307B}.Debug|Any CPU.ActiveCfg = Debug|Any CPU
		{DC40C884-8C80-4810-B897-1AEB73C2307B}.Debug|Any CPU.Build.0 = Debug|Any CPU
		{DC40C884-8C80-4810-B897-1AEB73C2307B}.Release|Any CPU.ActiveCfg = Release|Any CPU
		{DC40C884-8C80-4810-B897-1AEB73C2307B}.Release|Any CPU.Build.0 = Release|Any CPU
	EndGlobalSection
	GlobalSection(SolutionProperties) = preSolution
		HideSolutionNode = FALSE
	EndGlobalSection
	GlobalSection(ExtensibilityGlobals) = postSolution
		SolutionGuid = {ABCA4FD0-B0A3-4EBD-BB1B-1A1723514A8D}
	EndGlobalSection
EndGlobal
